
Microsoft Visual Studio Solution File, Format Version 12.00
# Visual Studio Version 16
VisualStudioVersion = 16.0.30413.136
MinimumVisualStudioVersion = 10.0.40219.1
Project("{9A19103F-16F7-4668-BE54-9A1E7A4F7556}") = "API_Web_Basico", "API_Web_Basico\API_Web_Basico.csproj", "{EB249D51-843E-456C-9690-AC3C117A19BF}"
EndProject
Global
	GlobalSection(SolutionConfigurationPlatforms) = preSolution
		Debug|Any CPU = Debug|Any CPU
		Release|Any CPU = Release|Any CPU
	EndGlobalSection
	GlobalSection(ProjectConfigurationPlatforms) = postSolution
		{EB249D51-843E-456C-9690-AC3C117A19BF}.Debug|Any CPU.ActiveCfg = Debug|Any CPU
		{EB249D51-843E-456C-9690-AC3C117A19BF}.Debug|Any CPU.Build.0 = Debug|Any CPU
		{EB249D51-843E-456C-9690-AC3C117A19BF}.Release|Any CPU.ActiveCfg = Release|Any CPU
		{EB249D51-843E-456C-9690-AC3C117A19BF}.Release|Any CPU.Build.0 = Release|Any CPU
	EndGlobalSection
	GlobalSection(SolutionProperties) = preSolution
		HideSolutionNode = FALSE
	EndGlobalSection
	GlobalSection(ExtensibilityGlobals) = postSolution
		SolutionGuid = {83635136-D636-418C-A97A-D229A421F71C}
	EndGlobalSection
EndGlobal
