
Microsoft Visual Studio Solution File, Format Version 12.00
# Visual Studio Version 16
VisualStudioVersion = 16.0.30413.136
MinimumVisualStudioVersion = 10.0.40219.1
Project("{9A19103F-16F7-4668-BE54-9A1E7A4F7556}") = "Web_Personas", "Web_Personas.csproj", "{A2A8A868-4263-4DEE-8BE1-A2705485D5A7}"
EndProject
Global
	GlobalSection(SolutionConfigurationPlatforms) = preSolution
		Debug|Any CPU = Debug|Any CPU
		Release|Any CPU = Release|Any CPU
	EndGlobalSection
	GlobalSection(ProjectConfigurationPlatforms) = postSolution
		{A2A8A868-4263-4DEE-8BE1-A2705485D5A7}.Debug|Any CPU.ActiveCfg = Debug|Any CPU
		{A2A8A868-4263-4DEE-8BE1-A2705485D5A7}.Debug|Any CPU.Build.0 = Debug|Any CPU
		{A2A8A868-4263-4DEE-8BE1-A2705485D5A7}.Release|Any CPU.ActiveCfg = Release|Any CPU
		{A2A8A868-4263-4DEE-8BE1-A2705485D5A7}.Release|Any CPU.Build.0 = Release|Any CPU
	EndGlobalSection
	GlobalSection(SolutionProperties) = preSolution
		HideSolutionNode = FALSE
	EndGlobalSection
	GlobalSection(ExtensibilityGlobals) = postSolution
		SolutionGuid = {72292404-1DA6-4E68-8F12-EEBEAF9614D7}
	EndGlobalSection
EndGlobal
